
Microsoft Visual Studio Solution File, Format Version 12.00
# Visual Studio 15
VisualStudioVersion = 15.0.27703.2047
MinimumVisualStudioVersion = 10.0.40219.1
Project("{FAE04EC0-301F-11D3-BF4B-00C04F79EFBC}") = "ConsoleAppFlattenArrays", "ConsoleAppFlattenArrays\ConsoleAppFlattenArrays.csproj", "{68C299D3-EFA8-4A96-AAA1-170ABC223B81}"
EndProject
Global
	GlobalSection(SolutionConfigurationPlatforms) = preSolution
		Debug|Any CPU = Debug|Any CPU
		Release|Any CPU = Release|Any CPU
	EndGlobalSection
	GlobalSection(ProjectConfigurationPlatforms) = postSolution
		{68C299D3-EFA8-4A96-AAA1-170ABC223B81}.Debug|Any CPU.ActiveCfg = Debug|Any CPU
		{68C299D3-EFA8-4A96-AAA1-170ABC223B81}.Debug|Any CPU.Build.0 = Debug|Any CPU
		{68C299D3-EFA8-4A96-AAA1-170ABC223B81}.Release|Any CPU.ActiveCfg = Release|Any CPU
		{68C299D3-EFA8-4A96-AAA1-170ABC223B81}.Release|Any CPU.Build.0 = Release|Any CPU
	EndGlobalSection
	GlobalSection(SolutionProperties) = preSolution
		HideSolutionNode = FALSE
	EndGlobalSection
	GlobalSection(ExtensibilityGlobals) = postSolution
		SolutionGuid = {CF0BCB40-3065-4F00-9965-BA6E2D36B590}
	EndGlobalSection
EndGlobal
